<Solution>
  <Folder Name="/Solution Items/">
    <File Path="Directory.Build.props" />
    <File Path="Directory.Build.targets" />
    <File Path="Directory.Packages.props" />
    <File Path="eng/versions.props" />
    <File Path="global.json" />
    <File Path="NuGet.config" />
    <File Path="README.md" />
  </Folder>
  <Folder Name="/src/">
    <Project Path="src/NcpAdminBlazor.AppHost/NcpAdminBlazor.AppHost.csproj" />
  </Folder>
  <Folder Name="/src/backend/">
    <Project Path="src/NcpAdminBlazor.ApiService/NcpAdminBlazor.ApiService.csproj" />
    <Project Path="src/NcpAdminBlazor.Domain/NcpAdminBlazor.Domain.csproj" />
    <Project Path="src/NcpAdminBlazor.Infrastructure/NcpAdminBlazor.Infrastructure.csproj" />
    <Project Path="src/NcpAdminBlazor.MigrationService/NcpAdminBlazor.MigrationService.csproj" />
  </Folder>
  <Folder Name="/src/frontend/">
    <Project Path="src/NcpAdminAntBlazor/NcpAdminAntBlazor.Client/NcpAdminAntBlazor.Client.csproj" />
    <Project Path="src/NcpAdminAntBlazor/NcpAdminAntBlazor/NcpAdminAntBlazor.csproj" />
  </Folder>
  <Folder Name="/src/shared/">
    <Project Path="src/NcpAdminBlazor.ServiceDefaults/NcpAdminBlazor.ServiceDefaults.csproj" />
    <Project Path="src/NcpAdminBlazor.Shared/NcpAdminBlazor.Shared.csproj" />
  </Folder>
  <Folder Name="/test/">
    <Project Path="test/NcpAdminBlazor.ApiService.Tests/NcpAdminBlazor.ApiService.Tests.csproj" />
    <Project Path="test/NcpAdminBlazor.Client.Tests/NcpAdminBlazor.Client.Tests.csproj" />
    <Project Path="test/NcpAdminBlazor.Domain.Tests/NcpAdminBlazor.Domain.Tests.csproj" />
    <Project Path="test/NcpAdminBlazor.Infrastructure.Tests/NcpAdminBlazor.Infrastructure.Tests.csproj" />
  </Folder>
</Solution>
